// !$*UTF8*$!
{
	archiveVersion = 1;
	classes = {
	};
	objectVersion = 56;
	objects = {

/* Begin PBXBuildFile section */
		2FE06CDF2B480B4F00A2963B /* AppDelegate.swift in Sources */ = {isa = PBXBuildFile; fileRef = 2FE06CDE2B480B4F00A2963B /* AppDelegate.swift */; };
		2FE06CE12B480B4F00A2963B /* SceneDelegate.swift in Sources */ = {isa = PBXBuildFile; fileRef = 2FE06CE02B480B4F00A2963B /* SceneDelegate.swift */; };
		2FE06CE32B480B4F00A2963B /* ViewController.swift in Sources */ = {isa = PBXBuildFile; fileRef = 2FE06CE22B480B4F00A2963B /* ViewController.swift */; };
		2FE06CE82B480B5100A2963B /* Assets.xcassets in Resources */ = {isa = PBXBuildFile; fileRef = 2FE06CE72B480B5100A2963B /* Assets.xcassets */; };
		2FE06CEB2B480B5100A2963B /* LaunchScreen.storyboard in Resources */ = {isa = PBXBuildFile; fileRef = 2FE06CE92B480B5100A2963B /* LaunchScreen.storyboard */; };
		2FE06CF42B480C5C00A2963B /* SnapKit in Frameworks */ = {isa = PBXBuildFile; productRef = 2FE06CF32B480C5C00A2963B /* SnapKit */; };
		2FE06CF62B480C5C00A2963B /* SnapKit-Dynamic in Frameworks */ = {isa = PBXBuildFile; productRef = 2FE06CF52B480C5C00A2963B /* SnapKit-Dynamic */; };
		2FE06CF92B480CAA00A2963B /* Kingfisher in Frameworks */ = {isa = PBXBuildFile; productRef = 2FE06CF82B480CAA00A2963B /* Kingfisher */; };
		2FE06CFC2B480D0300A2963B /* ProgressHUD in Frameworks */ = {isa = PBXBuildFile; productRef = 2FE06CFB2B480D0300A2963B /* ProgressHUD */; };
		2FE06D072B480E2700A2963B /* Environment.swift in Sources */ = {isa = PBXBuildFile; fileRef = 2FE06D062B480E2700A2963B /* Environment.swift */; };
		2FE06D092B480E4E00A2963B /* AppCoordinator.swift in Sources */ = {isa = PBXBuildFile; fileRef = 2FE06D082B480E4E00A2963B /* AppCoordinator.swift */; };
		2FE06D0B2B480E6D00A2963B /* Coordinator.swift in Sources */ = {isa = PBXBuildFile; fileRef = 2FE06D0A2B480E6D00A2963B /* Coordinator.swift */; };
		2FE06D0D2B480E7900A2963B /* HomeCoordinator.swift in Sources */ = {isa = PBXBuildFile; fileRef = 2FE06D0C2B480E7900A2963B /* HomeCoordinator.swift */; };
		2FE06D0F2B480E9500A2963B /* RootViewCoordinator.swift in Sources */ = {isa = PBXBuildFile; fileRef = 2FE06D0E2B480E9500A2963B /* RootViewCoordinator.swift */; };
		2FE06D112B480EB100A2963B /* CardModels.swift in Sources */ = {isa = PBXBuildFile; fileRef = 2FE06D102B480EB100A2963B /* CardModels.swift */; };
		2FE06D152B480EE500A2963B /* CardService.swift in Sources */ = {isa = PBXBuildFile; fileRef = 2FE06D142B480EE500A2963B /* CardService.swift */; };
		2FE06D182B480EF500A2963B /* ViewState.swift in Sources */ = {isa = PBXBuildFile; fileRef = 2FE06D172B480EF500A2963B /* ViewState.swift */; };
		2FE06D1B2B480F2100A2963B /* Reachability.swift in Sources */ = {isa = PBXBuildFile; fileRef = 2FE06D1A2B480F2100A2963B /* Reachability.swift */; };
		2FE06D1D2B480F2F00A2963B /* RequestDelegate.swift in Sources */ = {isa = PBXBuildFile; fileRef = 2FE06D1C2B480F2F00A2963B /* RequestDelegate.swift */; };
		2FE06D212B480F6900A2963B /* UIColor+Additions.swift in Sources */ = {isa = PBXBuildFile; fileRef = 2FE06D202B480F6900A2963B /* UIColor+Additions.swift */; };
		2FE06D232B480F7300A2963B /* UITableView.swift in Sources */ = {isa = PBXBuildFile; fileRef = 2FE06D222B480F7300A2963B /* UITableView.swift */; };
		2FE06D252B480F7F00A2963B /* UITableViewCell.swift in Sources */ = {isa = PBXBuildFile; fileRef = 2FE06D242B480F7F00A2963B /* UITableViewCell.swift */; };
		2FE06D272B480F8800A2963B /* CustomError.swift in Sources */ = {isa = PBXBuildFile; fileRef = 2FE06D262B480F8800A2963B /* CustomError.swift */; };
		2FE06D2B2B480FAB00A2963B /* CardListCell.swift in Sources */ = {isa = PBXBuildFile; fileRef = 2FE06D2A2B480FAB00A2963B /* CardListCell.swift */; };
		2FE06D2E2B48107700A2963B /* HomeViewController.swift in Sources */ = {isa = PBXBuildFile; fileRef = 2FE06D2D2B48107700A2963B /* HomeViewController.swift */; };
		2FE06D302B48108800A2963B /* AppController.swift in Sources */ = {isa = PBXBuildFile; fileRef = 2FE06D2F2B48108800A2963B /* AppController.swift */; };
		2FE06D332B4810A900A2963B /* AppController.swift in Sources */ = {isa = PBXBuildFile; fileRef = 2FE06D322B4810A900A2963B /* AppController.swift */; };
		2FE06D352B4810BB00A2963B /* SplashController.swift in Sources */ = {isa = PBXBuildFile; fileRef = 2FE06D342B4810BB00A2963B /* SplashController.swift */; };
/* End PBXBuildFile section */

/* Begin PBXFileReference section */
		2FE06CDB2B480B4F00A2963B /* TradingCardList+MVVM.app */ = {isa = PBXFileReference; explicitFileType = wrapper.application; includeInIndex = 0; path = "TradingCardList+MVVM.app"; sourceTree = BUILT_PRODUCTS_DIR; };
		2FE06CDE2B480B4F00A2963B /* AppDelegate.swift */ = {isa = PBXFileReference; lastKnownFileType = sourcecode.swift; path = AppDelegate.swift; sourceTree = "<group>"; };
		2FE06CE02B480B4F00A2963B /* SceneDelegate.swift */ = {isa = PBXFileReference; lastKnownFileType = sourcecode.swift; path = SceneDelegate.swift; sourceTree = "<group>"; };
		2FE06CE22B480B4F00A2963B /* ViewController.swift */ = {isa = PBXFileReference; lastKnownFileType = sourcecode.swift; path = ViewController.swift; sourceTree = "<group>"; };
		2FE06CE72B480B5100A2963B /* Assets.xcassets */ = {isa = PBXFileReference; lastKnownFileType = folder.assetcatalog; path = Assets.xcassets; sourceTree = "<group>"; };
		2FE06CEA2B480B5100A2963B /* Base */ = {isa = PBXFileReference; lastKnownFileType = file.storyboard; name = Base; path = Base.lproj/LaunchScreen.storyboard; sourceTree = "<group>"; };
		2FE06CEC2B480B5100A2963B /* Info.plist */ = {isa = PBXFileReference; lastKnownFileType = text.plist.xml; path = Info.plist; sourceTree = "<group>"; };
		2FE06D062B480E2700A2963B /* Environment.swift */ = {isa = PBXFileReference; lastKnownFileType = sourcecode.swift; path = Environment.swift; sourceTree = "<group>"; };
		2FE06D082B480E4E00A2963B /* AppCoordinator.swift */ = {isa = PBXFileReference; lastKnownFileType = sourcecode.swift; path = AppCoordinator.swift; sourceTree = "<group>"; };
		2FE06D0A2B480E6D00A2963B /* Coordinator.swift */ = {isa = PBXFileReference; lastKnownFileType = sourcecode.swift; path = Coordinator.swift; sourceTree = "<group>"; };
		2FE06D0C2B480E7900A2963B /* HomeCoordinator.swift */ = {isa = PBXFileReference; lastKnownFileType = sourcecode.swift; path = HomeCoordinator.swift; sourceTree = "<group>"; };
		2FE06D0E2B480E9500A2963B /* RootViewCoordinator.swift */ = {isa = PBXFileReference; lastKnownFileType = sourcecode.swift; path = RootViewCoordinator.swift; sourceTree = "<group>"; };
		2FE06D102B480EB100A2963B /* CardModels.swift */ = {isa = PBXFileReference; lastKnownFileType = sourcecode.swift; path = CardModels.swift; sourceTree = "<group>"; };
		2FE06D142B480EE500A2963B /* CardService.swift */ = {isa = PBXFileReference; lastKnownFileType = sourcecode.swift; path = CardService.swift; sourceTree = "<group>"; };
		2FE06D172B480EF500A2963B /* ViewState.swift */ = {isa = PBXFileReference; lastKnownFileType = sourcecode.swift; path = ViewState.swift; sourceTree = "<group>"; };
		2FE06D1A2B480F2100A2963B /* Reachability.swift */ = {isa = PBXFileReference; lastKnownFileType = sourcecode.swift; path = Reachability.swift; sourceTree = "<group>"; };
		2FE06D1C2B480F2F00A2963B /* RequestDelegate.swift */ = {isa = PBXFileReference; lastKnownFileType = sourcecode.swift; path = RequestDelegate.swift; sourceTree = "<group>"; };
		2FE06D202B480F6900A2963B /* UIColor+Additions.swift */ = {isa = PBXFileReference; lastKnownFileType = sourcecode.swift; path = "UIColor+Additions.swift"; sourceTree = "<group>"; };
		2FE06D222B480F7300A2963B /* UITableView.swift */ = {isa = PBXFileReference; lastKnownFileType = sourcecode.swift; path = UITableView.swift; sourceTree = "<group>"; };
		2FE06D242B480F7F00A2963B /* UITableViewCell.swift */ = {isa = PBXFileReference; lastKnownFileType = sourcecode.swift; path = UITableViewCell.swift; sourceTree = "<group>"; };
		2FE06D262B480F8800A2963B /* CustomError.swift */ = {isa = PBXFileReference; lastKnownFileType = sourcecode.swift; path = CustomError.swift; sourceTree = "<group>"; };
		2FE06D2A2B480FAB00A2963B /* CardListCell.swift */ = {isa = PBXFileReference; lastKnownFileType = sourcecode.swift; path = CardListCell.swift; sourceTree = "<group>"; };
		2FE06D2D2B48107700A2963B /* HomeViewController.swift */ = {isa = PBXFileReference; lastKnownFileType = sourcecode.swift; path = HomeViewController.swift; sourceTree = "<group>"; };
		2FE06D2F2B48108800A2963B /* AppController.swift */ = {isa = PBXFileReference; lastKnownFileType = sourcecode.swift; path = AppController.swift; sourceTree = "<group>"; };
		2FE06D322B4810A900A2963B /* AppController.swift */ = {isa = PBXFileReference; lastKnownFileType = sourcecode.swift; path = AppController.swift; sourceTree = "<group>"; };
		2FE06D342B4810BB00A2963B /* SplashController.swift */ = {isa = PBXFileReference; lastKnownFileType = sourcecode.swift; path = SplashController.swift; sourceTree = "<group>"; };
/* End PBXFileReference section */

/* Begin PBXFrameworksBuildPhase section */
		2FE06CD82B480B4E00A2963B /* Frameworks */ = {
			isa = PBXFrameworksBuildPhase;
			buildActionMask = 2147483647;
			files = (
				2FE06CF92B480CAA00A2963B /* Kingfisher in Frameworks */,
				2FE06CFC2B480D0300A2963B /* ProgressHUD in Frameworks */,
				2FE06CF42B480C5C00A2963B /* SnapKit in Frameworks */,
				2FE06CF62B480C5C00A2963B /* SnapKit-Dynamic in Frameworks */,
			);
			runOnlyForDeploymentPostprocessing = 0;
		};
/* End PBXFrameworksBuildPhase section */

/* Begin PBXGroup section */
		2FE06CD22B480B4E00A2963B = {
			isa = PBXGroup;
			children = (
				2FE06CDD2B480B4F00A2963B /* TradingCardList+MVVM */,
				2FE06CDC2B480B4F00A2963B /* Products */,
			);
			sourceTree = "<group>";
		};
		2FE06CDC2B480B4F00A2963B /* Products */ = {
			isa = PBXGroup;
			children = (
				2FE06CDB2B480B4F00A2963B /* TradingCardList+MVVM.app */,
			);
			name = Products;
			sourceTree = "<group>";
		};
		2FE06CDD2B480B4F00A2963B /* TradingCardList+MVVM */ = {
			isa = PBXGroup;
			children = (
				2FE06CFD2B480D6600A2963B /* Configs */,
				2FE06CFE2B480D7100A2963B /* Coordinators */,
				2FE06CFF2B480D7E00A2963B /* Core */,
				2FE06D002B480D8400A2963B /* Models */,
				2FE06D012B480D8900A2963B /* Resources */,
				2FE06D022B480D9000A2963B /* Services */,
				2FE06D032B480D9500A2963B /* Utils */,
				2FE06D042B480D9B00A2963B /* Views */,
				2FE06D052B480DA200A2963B /* ViewControllers */,
				2FE06CE02B480B4F00A2963B /* SceneDelegate.swift */,
				2FE06CE22B480B4F00A2963B /* ViewController.swift */,
				2FE06CEC2B480B5100A2963B /* Info.plist */,
			);
			path = "TradingCardList+MVVM";
			sourceTree = "<group>";
		};
		2FE06CFD2B480D6600A2963B /* Configs */ = {
			isa = PBXGroup;
			children = (
				2FE06D062B480E2700A2963B /* Environment.swift */,
			);
			path = Configs;
			sourceTree = "<group>";
		};
		2FE06CFE2B480D7100A2963B /* Coordinators */ = {
			isa = PBXGroup;
			children = (
				2FE06D082B480E4E00A2963B /* AppCoordinator.swift */,
				2FE06D0A2B480E6D00A2963B /* Coordinator.swift */,
				2FE06D0C2B480E7900A2963B /* HomeCoordinator.swift */,
				2FE06D0E2B480E9500A2963B /* RootViewCoordinator.swift */,
			);
			path = Coordinators;
			sourceTree = "<group>";
		};
		2FE06CFF2B480D7E00A2963B /* Core */ = {
			isa = PBXGroup;
			children = (
				2FE06CDE2B480B4F00A2963B /* AppDelegate.swift */,
			);
			path = Core;
			sourceTree = "<group>";
		};
		2FE06D002B480D8400A2963B /* Models */ = {
			isa = PBXGroup;
			children = (
				2FE06D102B480EB100A2963B /* CardModels.swift */,
			);
			path = Models;
			sourceTree = "<group>";
		};
		2FE06D012B480D8900A2963B /* Resources */ = {
			isa = PBXGroup;
			children = (
				2FE06D132B480EBE00A2963B /* Storyboards */,
				2FE06D122B480EB700A2963B /* Images */,
			);
			path = Resources;
			sourceTree = "<group>";
		};
		2FE06D022B480D9000A2963B /* Services */ = {
			isa = PBXGroup;
			children = (
				2FE06D142B480EE500A2963B /* CardService.swift */,
			);
			path = Services;
			sourceTree = "<group>";
		};
		2FE06D032B480D9500A2963B /* Utils */ = {
			isa = PBXGroup;
			children = (
				2FE06D162B480EE900A2963B /* State */,
				2FE06D192B480F0700A2963B /* Helpers */,
				2FE06D1E2B480F4D00A2963B /* Extensions */,
			);
			path = Utils;
			sourceTree = "<group>";
		};
		2FE06D042B480D9B00A2963B /* Views */ = {
			isa = PBXGroup;
			children = (
				2FE06D282B480F9300A2963B /* Cells */,
			);
			path = Views;
			sourceTree = "<group>";
		};
		2FE06D052B480DA200A2963B /* ViewControllers */ = {
			isa = PBXGroup;
			children = (
				2FE06D312B48109600A2963B /* Common */,
				2FE06D2C2B48106700A2963B /* Home */,
			);
			path = ViewControllers;
			sourceTree = "<group>";
		};
		2FE06D122B480EB700A2963B /* Images */ = {
			isa = PBXGroup;
			children = (
				2FE06CE72B480B5100A2963B /* Assets.xcassets */,
			);
			path = Images;
			sourceTree = "<group>";
		};
		2FE06D132B480EBE00A2963B /* Storyboards */ = {
			isa = PBXGroup;
			children = (
				2FE06CE92B480B5100A2963B /* LaunchScreen.storyboard */,
			);
			path = Storyboards;
			sourceTree = "<group>";
		};
		2FE06D162B480EE900A2963B /* State */ = {
			isa = PBXGroup;
			children = (
				2FE06D172B480EF500A2963B /* ViewState.swift */,
			);
			path = State;
			sourceTree = "<group>";
		};
		2FE06D192B480F0700A2963B /* Helpers */ = {
			isa = PBXGroup;
			children = (
				2FE06D1A2B480F2100A2963B /* Reachability.swift */,
				2FE06D1C2B480F2F00A2963B /* RequestDelegate.swift */,
			);
			path = Helpers;
			sourceTree = "<group>";
		};
		2FE06D1E2B480F4D00A2963B /* Extensions */ = {
			isa = PBXGroup;
			children = (
				2FE06D1F2B480F5A00A2963B /* UIKit */,
				2FE06D262B480F8800A2963B /* CustomError.swift */,
			);
			path = Extensions;
			sourceTree = "<group>";
		};
		2FE06D1F2B480F5A00A2963B /* UIKit */ = {
			isa = PBXGroup;
			children = (
				2FE06D202B480F6900A2963B /* UIColor+Additions.swift */,
				2FE06D222B480F7300A2963B /* UITableView.swift */,
				2FE06D242B480F7F00A2963B /* UITableViewCell.swift */,
			);
			path = UIKit;
			sourceTree = "<group>";
		};
		2FE06D282B480F9300A2963B /* Cells */ = {
			isa = PBXGroup;
			children = (
				2FE06D292B480F9900A2963B /* Home */,
			);
			path = Cells;
			sourceTree = "<group>";
		};
		2FE06D292B480F9900A2963B /* Home */ = {
			isa = PBXGroup;
			children = (
				2FE06D2A2B480FAB00A2963B /* CardListCell.swift */,
			);
			path = Home;
			sourceTree = "<group>";
		};
		2FE06D2C2B48106700A2963B /* Home */ = {
			isa = PBXGroup;
			children = (
				2FE06D2D2B48107700A2963B /* HomeViewController.swift */,
				2FE06D2F2B48108800A2963B /* AppController.swift */,
			);
			path = Home;
			sourceTree = "<group>";
		};
		2FE06D312B48109600A2963B /* Common */ = {
			isa = PBXGroup;
			children = (
				2FE06D322B4810A900A2963B /* AppController.swift */,
				2FE06D342B4810BB00A2963B /* SplashController.swift */,
			);
			path = Common;
			sourceTree = "<group>";
		};
/* End PBXGroup section */

/* Begin PBXNativeTarget section */
		2FE06CDA2B480B4E00A2963B /* TradingCardList+MVVM */ = {
			isa = PBXNativeTarget;
			buildConfigurationList = 2FE06CEF2B480B5100A2963B /* Build configuration list for PBXNativeTarget "TradingCardList+MVVM" */;
			buildPhases = (
				2FE06CD72B480B4E00A2963B /* Sources */,
				2FE06CD82B480B4E00A2963B /* Frameworks */,
				2FE06CD92B480B4E00A2963B /* Resources */,
			);
			buildRules = (
			);
			dependencies = (
			);
			name = "TradingCardList+MVVM";
			packageProductDependencies = (
				2FE06CF32B480C5C00A2963B /* SnapKit */,
				2FE06CF52B480C5C00A2963B /* SnapKit-Dynamic */,
				2FE06CF82B480CAA00A2963B /* Kingfisher */,
				2FE06CFB2B480D0300A2963B /* ProgressHUD */,
			);
			productName = "TradingCardList+MVVM";
			productReference = 2FE06CDB2B480B4F00A2963B /* TradingCardList+MVVM.app */;
			productType = "com.apple.product-type.application";
		};
/* End PBXNativeTarget section */

/* Begin PBXProject section */
		2FE06CD32B480B4E00A2963B /* Project object */ = {
			isa = PBXProject;
			attributes = {
				BuildIndependentTargetsInParallel = 1;
				LastSwiftUpdateCheck = 1500;
				LastUpgradeCheck = 1500;
				TargetAttributes = {
					2FE06CDA2B480B4E00A2963B = {
						CreatedOnToolsVersion = 15.0;
					};
				};
			};
			buildConfigurationList = 2FE06CD62B480B4E00A2963B /* Build configuration list for PBXProject "TradingCardList+MVVM" */;
			compatibilityVersion = "Xcode 14.0";
			developmentRegion = en;
			hasScannedForEncodings = 0;
			knownRegions = (
				en,
				Base,
			);
			mainGroup = 2FE06CD22B480B4E00A2963B;
			packageReferences = (
				2FE06CF22B480C5C00A2963B /* XCRemoteSwiftPackageReference "SnapKit" */,
				2FE06CF72B480CAA00A2963B /* XCRemoteSwiftPackageReference "Kingfisher" */,
				2FE06CFA2B480D0300A2963B /* XCRemoteSwiftPackageReference "ProgressHUD" */,
			);
			productRefGroup = 2FE06CDC2B480B4F00A2963B /* Products */;
			projectDirPath = "";
			projectRoot = "";
			targets = (
				2FE06CDA2B480B4E00A2963B /* TradingCardList+MVVM */,
			);
		};
/* End PBXProject section */

/* Begin PBXResourcesBuildPhase section */
		2FE06CD92B480B4E00A2963B /* Resources */ = {
			isa = PBXResourcesBuildPhase;
			buildActionMask = 2147483647;
			files = (
				2FE06CEB2B480B5100A2963B /* LaunchScreen.storyboard in Resources */,
				2FE06CE82B480B5100A2963B /* Assets.xcassets in Resources */,
			);
			runOnlyForDeploymentPostprocessing = 0;
		};
/* End PBXResourcesBuildPhase section */

/* Begin PBXSourcesBuildPhase section */
		2FE06CD72B480B4E00A2963B /* Sources */ = {
			isa = PBXSourcesBuildPhase;
			buildActionMask = 2147483647;
			files = (
				2FE06CE32B480B4F00A2963B /* ViewController.swift in Sources */,
				2FE06D252B480F7F00A2963B /* UITableViewCell.swift in Sources */,
				2FE06D2E2B48107700A2963B /* HomeViewController.swift in Sources */,
				2FE06D272B480F8800A2963B /* CustomError.swift in Sources */,
				2FE06D1D2B480F2F00A2963B /* RequestDelegate.swift in Sources */,
				2FE06D232B480F7300A2963B /* UITableView.swift in Sources */,
				2FE06D352B4810BB00A2963B /* SplashController.swift in Sources */,
				2FE06D152B480EE500A2963B /* CardService.swift in Sources */,
				2FE06D1B2B480F2100A2963B /* Reachability.swift in Sources */,
				2FE06D112B480EB100A2963B /* CardModels.swift in Sources */,
				2FE06D182B480EF500A2963B /* ViewState.swift in Sources */,
				2FE06D072B480E2700A2963B /* Environment.swift in Sources */,
				2FE06D302B48108800A2963B /* AppController.swift in Sources */,
				2FE06D0B2B480E6D00A2963B /* Coordinator.swift in Sources */,
				2FE06D092B480E4E00A2963B /* AppCoordinator.swift in Sources */,
				2FE06CDF2B480B4F00A2963B /* AppDelegate.swift in Sources */,
				2FE06D0D2B480E7900A2963B /* HomeCoordinator.swift in Sources */,
				2FE06CE12B480B4F00A2963B /* SceneDelegate.swift in Sources */,
				2FE06D2B2B480FAB00A2963B /* CardListCell.swift in Sources */,
				2FE06D0F2B480E9500A2963B /* RootViewCoordinator.swift in Sources */,
				2FE06D212B480F6900A2963B /* UIColor+Additions.swift in Sources */,
				2FE06D332B4810A900A2963B /* AppController.swift in Sources */,
			);
			runOnlyForDeploymentPostprocessing = 0;
		};
/* End PBXSourcesBuildPhase section */

/* Begin PBXVariantGroup section */
		2FE06CE92B480B5100A2963B /* LaunchScreen.storyboard */ = {
			isa = PBXVariantGroup;
			children = (
				2FE06CEA2B480B5100A2963B /* Base */,
			);
			name = LaunchScreen.storyboard;
			sourceTree = "<group>";
		};
/* End PBXVariantGroup section */

/* Begin XCBuildConfiguration section */
		2FE06CED2B480B5100A2963B /* Debug */ = {
			isa = XCBuildConfiguration;
			buildSettings = {
				ALWAYS_SEARCH_USER_PATHS = NO;
				ASSETCATALOG_COMPILER_GENERATE_SWIFT_ASSET_SYMBOL_EXTENSIONS = YES;
				CLANG_ANALYZER_NONNULL = YES;
				CLANG_ANALYZER_NUMBER_OBJECT_CONVERSION = YES_AGGRESSIVE;
				CLANG_CXX_LANGUAGE_STANDARD = "gnu++20";
				CLANG_ENABLE_MODULES = YES;
				CLANG_ENABLE_OBJC_ARC = YES;
				CLANG_ENABLE_OBJC_WEAK = YES;
				CLANG_WARN_BLOCK_CAPTURE_AUTORELEASING = YES;
				CLANG_WARN_BOOL_CONVERSION = YES;
				CLANG_WARN_COMMA = YES;
				CLANG_WARN_CONSTANT_CONVERSION = YES;
				CLANG_WARN_DEPRECATED_OBJC_IMPLEMENTATIONS = YES;
				CLANG_WARN_DIRECT_OBJC_ISA_USAGE = YES_ERROR;
				CLANG_WARN_DOCUMENTATION_COMMENTS = YES;
				CLANG_WARN_EMPTY_BODY = YES;
				CLANG_WARN_ENUM_CONVERSION = YES;
				CLANG_WARN_INFINITE_RECURSION = YES;
				CLANG_WARN_INT_CONVERSION = YES;
				CLANG_WARN_NON_LITERAL_NULL_CONVERSION = YES;
				CLANG_WARN_OBJC_IMPLICIT_RETAIN_SELF = YES;
				CLANG_WARN_OBJC_LITERAL_CONVERSION = YES;
				CLANG_WARN_OBJC_ROOT_CLASS = YES_ERROR;
				CLANG_WARN_QUOTED_INCLUDE_IN_FRAMEWORK_HEADER = YES;
				CLANG_WARN_RANGE_LOOP_ANALYSIS = YES;
				CLANG_WARN_STRICT_PROTOTYPES = YES;
				CLANG_WARN_SUSPICIOUS_MOVE = YES;
				CLANG_WARN_UNGUARDED_AVAILABILITY = YES_AGGRESSIVE;
				CLANG_WARN_UNREACHABLE_CODE = YES;
				CLANG_WARN__DUPLICATE_METHOD_MATCH = YES;
				COPY_PHASE_STRIP = NO;
				DEBUG_INFORMATION_FORMAT = dwarf;
				ENABLE_STRICT_OBJC_MSGSEND = YES;
				ENABLE_TESTABILITY = YES;
				ENABLE_USER_SCRIPT_SANDBOXING = YES;
				GCC_C_LANGUAGE_STANDARD = gnu17;
				GCC_DYNAMIC_NO_PIC = NO;
				GCC_NO_COMMON_BLOCKS = YES;
				GCC_OPTIMIZATION_LEVEL = 0;
				GCC_PREPROCESSOR_DEFINITIONS = (
					"DEBUG=1",
					"$(inherited)",
				);
				GCC_WARN_64_TO_32_BIT_CONVERSION = YES;
				GCC_WARN_ABOUT_RETURN_TYPE = YES_ERROR;
				GCC_WARN_UNDECLARED_SELECTOR = YES;
				GCC_WARN_UNINITIALIZED_AUTOS = YES_AGGRESSIVE;
				GCC_WARN_UNUSED_FUNCTION = YES;
				GCC_WARN_UNUSED_VARIABLE = YES;
				IPHONEOS_DEPLOYMENT_TARGET = 17.0;
				LOCALIZATION_PREFERS_STRING_CATALOGS = YES;
				MTL_ENABLE_DEBUG_INFO = INCLUDE_SOURCE;
				MTL_FAST_MATH = YES;
				ONLY_ACTIVE_ARCH = YES;
				SDKROOT = iphoneos;
				SWIFT_ACTIVE_COMPILATION_CONDITIONS = "DEBUG $(inherited)";
				SWIFT_OPTIMIZATION_LEVEL = "-Onone";
			};
			name = Debug;
		};
		2FE06CEE2B480B5100A2963B /* Release */ = {
			isa = XCBuildConfiguration;
			buildSettings = {
				ALWAYS_SEARCH_USER_PATHS = NO;
				ASSETCATALOG_COMPILER_GENERATE_SWIFT_ASSET_SYMBOL_EXTENSIONS = YES;
				CLANG_ANALYZER_NONNULL = YES;
				CLANG_ANALYZER_NUMBER_OBJECT_CONVERSION = YES_AGGRESSIVE;
				CLANG_CXX_LANGUAGE_STANDARD = "gnu++20";
				CLANG_ENABLE_MODULES = YES;
				CLANG_ENABLE_OBJC_ARC = YES;
				CLANG_ENABLE_OBJC_WEAK = YES;
				CLANG_WARN_BLOCK_CAPTURE_AUTORELEASING = YES;
				CLANG_WARN_BOOL_CONVERSION = YES;
				CLANG_WARN_COMMA = YES;
				CLANG_WARN_CONSTANT_CONVERSION = YES;
				CLANG_WARN_DEPRECATED_OBJC_IMPLEMENTATIONS = YES;
				CLANG_WARN_DIRECT_OBJC_ISA_USAGE = YES_ERROR;
				CLANG_WARN_DOCUMENTATION_COMMENTS = YES;
				CLANG_WARN_EMPTY_BODY = YES;
				CLANG_WARN_ENUM_CONVERSION = YES;
				CLANG_WARN_INFINITE_RECURSION = YES;
				CLANG_WARN_INT_CONVERSION = YES;
				CLANG_WARN_NON_LITERAL_NULL_CONVERSION = YES;
				CLANG_WARN_OBJC_IMPLICIT_RETAIN_SELF = YES;
				CLANG_WARN_OBJC_LITERAL_CONVERSION = YES;
				CLANG_WARN_OBJC_ROOT_CLASS = YES_ERROR;
				CLANG_WARN_QUOTED_INCLUDE_IN_FRAMEWORK_HEADER = YES;
				CLANG_WARN_RANGE_LOOP_ANALYSIS = YES;
				CLANG_WARN_STRICT_PROTOTYPES = YES;
				CLANG_WARN_SUSPICIOUS_MOVE = YES;
				CLANG_WARN_UNGUARDED_AVAILABILITY = YES_AGGRESSIVE;
				CLANG_WARN_UNREACHABLE_CODE = YES;
				CLANG_WARN__DUPLICATE_METHOD_MATCH = YES;
				COPY_PHASE_STRIP = NO;
				DEBUG_INFORMATION_FORMAT = "dwarf-with-dsym";
				ENABLE_NS_ASSERTIONS = NO;
				ENABLE_STRICT_OBJC_MSGSEND = YES;
				ENABLE_USER_SCRIPT_SANDBOXING = YES;
				GCC_C_LANGUAGE_STANDARD = gnu17;
				GCC_NO_COMMON_BLOCKS = YES;
				GCC_WARN_64_TO_32_BIT_CONVERSION = YES;
				GCC_WARN_ABOUT_RETURN_TYPE = YES_ERROR;
				GCC_WARN_UNDECLARED_SELECTOR = YES;
				GCC_WARN_UNINITIALIZED_AUTOS = YES_AGGRESSIVE;
				GCC_WARN_UNUSED_FUNCTION = YES;
				GCC_WARN_UNUSED_VARIABLE = YES;
				IPHONEOS_DEPLOYMENT_TARGET = 17.0;
				LOCALIZATION_PREFERS_STRING_CATALOGS = YES;
				MTL_ENABLE_DEBUG_INFO = NO;
				MTL_FAST_MATH = YES;
				SDKROOT = iphoneos;
				SWIFT_COMPILATION_MODE = wholemodule;
				VALIDATE_PRODUCT = YES;
			};
			name = Release;
		};
		2FE06CF02B480B5100A2963B /* Debug */ = {
			isa = XCBuildConfiguration;
			buildSettings = {
				ASSETCATALOG_COMPILER_APPICON_NAME = AppIcon;
				ASSETCATALOG_COMPILER_GLOBAL_ACCENT_COLOR_NAME = AccentColor;
				CODE_SIGN_STYLE = Automatic;
				CURRENT_PROJECT_VERSION = 1;
				GENERATE_INFOPLIST_FILE = YES;
				INFOPLIST_FILE = "TradingCardList+MVVM/Info.plist";
				INFOPLIST_KEY_UIApplicationSupportsIndirectInputEvents = YES;
				INFOPLIST_KEY_UILaunchStoryboardName = LaunchScreen;
				INFOPLIST_KEY_UISupportedInterfaceOrientations_iPad = "UIInterfaceOrientationPortrait UIInterfaceOrientationPortraitUpsideDown UIInterfaceOrientationLandscapeLeft UIInterfaceOrientationLandscapeRight";
				INFOPLIST_KEY_UISupportedInterfaceOrientations_iPhone = "UIInterfaceOrientationPortrait UIInterfaceOrientationLandscapeLeft UIInterfaceOrientationLandscapeRight";
				LD_RUNPATH_SEARCH_PATHS = (
					"$(inherited)",
					"@executable_path/Frameworks",
				);
				MARKETING_VERSION = 1.0;
				PRODUCT_BUNDLE_IDENTIFIER = "yeonsu.TradingCardList-MVVM";
				PRODUCT_NAME = "$(TARGET_NAME)";
				SWIFT_EMIT_LOC_STRINGS = YES;
				SWIFT_VERSION = 5.0;
				TARGETED_DEVICE_FAMILY = "1,2";
			};
			name = Debug;
		};
		2FE06CF12B480B5100A2963B /* Release */ = {
			isa = XCBuildConfiguration;
			buildSettings = {
				ASSETCATALOG_COMPILER_APPICON_NAME = AppIcon;
				ASSETCATALOG_COMPILER_GLOBAL_ACCENT_COLOR_NAME = AccentColor;
				CODE_SIGN_STYLE = Automatic;
				CURRENT_PROJECT_VERSION = 1;
				GENERATE_INFOPLIST_FILE = YES;
				INFOPLIST_FILE = "TradingCardList+MVVM/Info.plist";
				INFOPLIST_KEY_UIApplicationSupportsIndirectInputEvents = YES;
				INFOPLIST_KEY_UILaunchStoryboardName = LaunchScreen;
				INFOPLIST_KEY_UISupportedInterfaceOrientations_iPad = "UIInterfaceOrientationPortrait UIInterfaceOrientationPortraitUpsideDown UIInterfaceOrientationLandscapeLeft UIInterfaceOrientationLandscapeRight";
				INFOPLIST_KEY_UISupportedInterfaceOrientations_iPhone = "UIInterfaceOrientationPortrait UIInterfaceOrientationLandscapeLeft UIInterfaceOrientationLandscapeRight";
				LD_RUNPATH_SEARCH_PATHS = (
					"$(inherited)",
					"@executable_path/Frameworks",
				);
				MARKETING_VERSION = 1.0;
				PRODUCT_BUNDLE_IDENTIFIER = "yeonsu.TradingCardList-MVVM";
				PRODUCT_NAME = "$(TARGET_NAME)";
				SWIFT_EMIT_LOC_STRINGS = YES;
				SWIFT_VERSION = 5.0;
				TARGETED_DEVICE_FAMILY = "1,2";
			};
			name = Release;
		};
/* End XCBuildConfiguration section */

/* Begin XCConfigurationList section */
		2FE06CD62B480B4E00A2963B /* Build configuration list for PBXProject "TradingCardList+MVVM" */ = {
			isa = XCConfigurationList;
			buildConfigurations = (
				2FE06CED2B480B5100A2963B /* Debug */,
				2FE06CEE2B480B5100A2963B /* Release */,
			);
			defaultConfigurationIsVisible = 0;
			defaultConfigurationName = Release;
		};
		2FE06CEF2B480B5100A2963B /* Build configuration list for PBXNativeTarget "TradingCardList+MVVM" */ = {
			isa = XCConfigurationList;
			buildConfigurations = (
				2FE06CF02B480B5100A2963B /* Debug */,
				2FE06CF12B480B5100A2963B /* Release */,
			);
			defaultConfigurationIsVisible = 0;
			defaultConfigurationName = Release;
		};
/* End XCConfigurationList section */

/* Begin XCRemoteSwiftPackageReference section */
		2FE06CF22B480C5C00A2963B /* XCRemoteSwiftPackageReference "SnapKit" */ = {
			isa = XCRemoteSwiftPackageReference;
			repositoryURL = "https://github.com/SnapKit/SnapKit.git";
			requirement = {
				kind = upToNextMajorVersion;
				minimumVersion = 5.7.0;
			};
		};
		2FE06CF72B480CAA00A2963B /* XCRemoteSwiftPackageReference "Kingfisher" */ = {
			isa = XCRemoteSwiftPackageReference;
			repositoryURL = "https://github.com/onevcat/Kingfisher.git";
			requirement = {
				kind = upToNextMajorVersion;
				minimumVersion = 7.10.1;
			};
		};
		2FE06CFA2B480D0300A2963B /* XCRemoteSwiftPackageReference "ProgressHUD" */ = {
			isa = XCRemoteSwiftPackageReference;
			repositoryURL = "https://github.com/relatedcode/ProgressHUD.git";
			requirement = {
				kind = upToNextMajorVersion;
				minimumVersion = 14.1.0;
			};
		};
/* End XCRemoteSwiftPackageReference section */

/* Begin XCSwiftPackageProductDependency section */
		2FE06CF32B480C5C00A2963B /* SnapKit */ = {
			isa = XCSwiftPackageProductDependency;
			package = 2FE06CF22B480C5C00A2963B /* XCRemoteSwiftPackageReference "SnapKit" */;
			productName = SnapKit;
		};
		2FE06CF52B480C5C00A2963B /* SnapKit-Dynamic */ = {
			isa = XCSwiftPackageProductDependency;
			package = 2FE06CF22B480C5C00A2963B /* XCRemoteSwiftPackageReference "SnapKit" */;
			productName = "SnapKit-Dynamic";
		};
		2FE06CF82B480CAA00A2963B /* Kingfisher */ = {
			isa = XCSwiftPackageProductDependency;
			package = 2FE06CF72B480CAA00A2963B /* XCRemoteSwiftPackageReference "Kingfisher" */;
			productName = Kingfisher;
		};
		2FE06CFB2B480D0300A2963B /* ProgressHUD */ = {
			isa = XCSwiftPackageProductDependency;
			package = 2FE06CFA2B480D0300A2963B /* XCRemoteSwiftPackageReference "ProgressHUD" */;
			productName = ProgressHUD;
		};
/* End XCSwiftPackageProductDependency section */
	};
	rootObject = 2FE06CD32B480B4E00A2963B /* Project object */;
}
