// !$*UTF8*$!
{
	archiveVersion = 1;
	classes = {
	};
	objectVersion = 56;
	objects = {

/* Begin PBXBuildFile section */
		D58CADD8AD26C2EBCE70306B /* Pods_MVVMRxSwiftTutorial.framework in Frameworks */ = {isa = PBXBuildFile; fileRef = F5EDB4F59FC984D46CA8B18A /* Pods_MVVMRxSwiftTutorial.framework */; };
		F3D270FE2A466D78005B80E1 /* AppDelegate.swift in Sources */ = {isa = PBXBuildFile; fileRef = F3D270FD2A466D78005B80E1 /* AppDelegate.swift */; };
		F3D271002A466D78005B80E1 /* SceneDelegate.swift in Sources */ = {isa = PBXBuildFile; fileRef = F3D270FF2A466D78005B80E1 /* SceneDelegate.swift */; };
		F3D271072A466D7A005B80E1 /* Assets.xcassets in Resources */ = {isa = PBXBuildFile; fileRef = F3D271062A466D7A005B80E1 /* Assets.xcassets */; };
		F3D271132A466E11005B80E1 /* RootViewController.swift in Sources */ = {isa = PBXBuildFile; fileRef = F3D271122A466E11005B80E1 /* RootViewController.swift */; };
		F3D271152A466E86005B80E1 /* Coordinator.swift in Sources */ = {isa = PBXBuildFile; fileRef = F3D271142A466E86005B80E1 /* Coordinator.swift */; };
		F3D271182A4675BA005B80E1 /* Article.swift in Sources */ = {isa = PBXBuildFile; fileRef = F3D271172A4675BA005B80E1 /* Article.swift */; };
		F3D2711B2A467761005B80E1 /* ArticleService.swift in Sources */ = {isa = PBXBuildFile; fileRef = F3D2711A2A467761005B80E1 /* ArticleService.swift */; };
		F3D2711E2A467E34005B80E1 /* RootViewModel.swift in Sources */ = {isa = PBXBuildFile; fileRef = F3D2711D2A467E34005B80E1 /* RootViewModel.swift */; };
		F3D271202A468468005B80E1 /* ArticleViewModel.swift in Sources */ = {isa = PBXBuildFile; fileRef = F3D2711F2A468468005B80E1 /* ArticleViewModel.swift */; };
/* End PBXBuildFile section */

/* Begin PBXFileReference section */
		25001F2D309129575BBC337F /* Pods-MVVMRxSwiftTutorial.release.xcconfig */ = {isa = PBXFileReference; includeInIndex = 1; lastKnownFileType = text.xcconfig; name = "Pods-MVVMRxSwiftTutorial.release.xcconfig"; path = "Target Support Files/Pods-MVVMRxSwiftTutorial/Pods-MVVMRxSwiftTutorial.release.xcconfig"; sourceTree = "<group>"; };
		540D8C6B885A001BF879B5B2 /* Pods-MVVMRxSwiftTutorial.debug.xcconfig */ = {isa = PBXFileReference; includeInIndex = 1; lastKnownFileType = text.xcconfig; name = "Pods-MVVMRxSwiftTutorial.debug.xcconfig"; path = "Target Support Files/Pods-MVVMRxSwiftTutorial/Pods-MVVMRxSwiftTutorial.debug.xcconfig"; sourceTree = "<group>"; };
		F3D270FA2A466D78005B80E1 /* MVVMRxSwiftTutorial.app */ = {isa = PBXFileReference; explicitFileType = wrapper.application; includeInIndex = 0; path = MVVMRxSwiftTutorial.app; sourceTree = BUILT_PRODUCTS_DIR; };
		F3D270FD2A466D78005B80E1 /* AppDelegate.swift */ = {isa = PBXFileReference; lastKnownFileType = sourcecode.swift; path = AppDelegate.swift; sourceTree = "<group>"; };
		F3D270FF2A466D78005B80E1 /* SceneDelegate.swift */ = {isa = PBXFileReference; lastKnownFileType = sourcecode.swift; path = SceneDelegate.swift; sourceTree = "<group>"; };
		F3D271062A466D7A005B80E1 /* Assets.xcassets */ = {isa = PBXFileReference; lastKnownFileType = folder.assetcatalog; path = Assets.xcassets; sourceTree = "<group>"; };
		F3D2710B2A466D7A005B80E1 /* Info.plist */ = {isa = PBXFileReference; lastKnownFileType = text.plist.xml; path = Info.plist; sourceTree = "<group>"; };
		F3D271122A466E11005B80E1 /* RootViewController.swift */ = {isa = PBXFileReference; lastKnownFileType = sourcecode.swift; path = RootViewController.swift; sourceTree = "<group>"; };
		F3D271142A466E86005B80E1 /* Coordinator.swift */ = {isa = PBXFileReference; lastKnownFileType = sourcecode.swift; path = Coordinator.swift; sourceTree = "<group>"; };
		F3D271172A4675BA005B80E1 /* Article.swift */ = {isa = PBXFileReference; lastKnownFileType = sourcecode.swift; path = Article.swift; sourceTree = "<group>"; };
		F3D2711A2A467761005B80E1 /* ArticleService.swift */ = {isa = PBXFileReference; lastKnownFileType = sourcecode.swift; path = ArticleService.swift; sourceTree = "<group>"; };
		F3D2711D2A467E34005B80E1 /* RootViewModel.swift */ = {isa = PBXFileReference; lastKnownFileType = sourcecode.swift; path = RootViewModel.swift; sourceTree = "<group>"; };
		F3D2711F2A468468005B80E1 /* ArticleViewModel.swift */ = {isa = PBXFileReference; lastKnownFileType = sourcecode.swift; path = ArticleViewModel.swift; sourceTree = "<group>"; };
		F5EDB4F59FC984D46CA8B18A /* Pods_MVVMRxSwiftTutorial.framework */ = {isa = PBXFileReference; explicitFileType = wrapper.framework; includeInIndex = 0; path = Pods_MVVMRxSwiftTutorial.framework; sourceTree = BUILT_PRODUCTS_DIR; };
/* End PBXFileReference section */

/* Begin PBXFrameworksBuildPhase section */
		F3D270F72A466D78005B80E1 /* Frameworks */ = {
			isa = PBXFrameworksBuildPhase;
			buildActionMask = 2147483647;
			files = (
				D58CADD8AD26C2EBCE70306B /* Pods_MVVMRxSwiftTutorial.framework in Frameworks */,
			);
			runOnlyForDeploymentPostprocessing = 0;
		};
/* End PBXFrameworksBuildPhase section */

/* Begin PBXGroup section */
		2210AE612774F6B646DC8F5B /* Frameworks */ = {
			isa = PBXGroup;
			children = (
				F5EDB4F59FC984D46CA8B18A /* Pods_MVVMRxSwiftTutorial.framework */,
			);
			name = Frameworks;
			sourceTree = "<group>";
		};
		E0AFAAE674E9275C15CEB96D /* Pods */ = {
			isa = PBXGroup;
			children = (
				540D8C6B885A001BF879B5B2 /* Pods-MVVMRxSwiftTutorial.debug.xcconfig */,
				25001F2D309129575BBC337F /* Pods-MVVMRxSwiftTutorial.release.xcconfig */,
			);
			path = Pods;
			sourceTree = "<group>";
		};
		F3D270F12A466D78005B80E1 = {
			isa = PBXGroup;
			children = (
				F3D270FC2A466D78005B80E1 /* MVVMRxSwiftTutorial */,
				F3D270FB2A466D78005B80E1 /* Products */,
				E0AFAAE674E9275C15CEB96D /* Pods */,
				2210AE612774F6B646DC8F5B /* Frameworks */,
			);
			sourceTree = "<group>";
		};
		F3D270FB2A466D78005B80E1 /* Products */ = {
			isa = PBXGroup;
			children = (
				F3D270FA2A466D78005B80E1 /* MVVMRxSwiftTutorial.app */,
			);
			name = Products;
			sourceTree = "<group>";
		};
		F3D270FC2A466D78005B80E1 /* MVVMRxSwiftTutorial */ = {
			isa = PBXGroup;
			children = (
				F3D2711C2A467E1A005B80E1 /* ViewModels */,
				F3D271192A46774D005B80E1 /* Services */,
				F3D271162A4675AB005B80E1 /* Models */,
				F3D271112A466DDA005B80E1 /* Controllers */,
				F3D270FD2A466D78005B80E1 /* AppDelegate.swift */,
				F3D270FF2A466D78005B80E1 /* SceneDelegate.swift */,
				F3D271062A466D7A005B80E1 /* Assets.xcassets */,
				F3D2710B2A466D7A005B80E1 /* Info.plist */,
				F3D271142A466E86005B80E1 /* Coordinator.swift */,
			);
			path = MVVMRxSwiftTutorial;
			sourceTree = "<group>";
		};
		F3D271112A466DDA005B80E1 /* Controllers */ = {
			isa = PBXGroup;
			children = (
				F3D271122A466E11005B80E1 /* RootViewController.swift */,
			);
			path = Controllers;
			sourceTree = "<group>";
		};
		F3D271162A4675AB005B80E1 /* Models */ = {
			isa = PBXGroup;
			children = (
				F3D271172A4675BA005B80E1 /* Article.swift */,
			);
			path = Models;
			sourceTree = "<group>";
		};
		F3D271192A46774D005B80E1 /* Services */ = {
			isa = PBXGroup;
			children = (
				F3D2711A2A467761005B80E1 /* ArticleService.swift */,
			);
			path = Services;
			sourceTree = "<group>";
		};
		F3D2711C2A467E1A005B80E1 /* ViewModels */ = {
			isa = PBXGroup;
			children = (
				F3D2711D2A467E34005B80E1 /* RootViewModel.swift */,
				F3D2711F2A468468005B80E1 /* ArticleViewModel.swift */,
			);
			path = ViewModels;
			sourceTree = "<group>";
		};
/* End PBXGroup section */

/* Begin PBXNativeTarget section */
		F3D270F92A466D78005B80E1 /* MVVMRxSwiftTutorial */ = {
			isa = PBXNativeTarget;
			buildConfigurationList = F3D2710E2A466D7A005B80E1 /* Build configuration list for PBXNativeTarget "MVVMRxSwiftTutorial" */;
			buildPhases = (
				DEDF24EF1B4625898A34DDD6 /* [CP] Check Pods Manifest.lock */,
				F3D270F62A466D78005B80E1 /* Sources */,
				F3D270F72A466D78005B80E1 /* Frameworks */,
				F3D270F82A466D78005B80E1 /* Resources */,
				1C8805D6403DBABC1C7DD2DA /* [CP] Embed Pods Frameworks */,
			);
			buildRules = (
			);
			dependencies = (
			);
			name = MVVMRxSwiftTutorial;
			productName = MVVMRxSwiftTutorial;
			productReference = F3D270FA2A466D78005B80E1 /* MVVMRxSwiftTutorial.app */;
			productType = "com.apple.product-type.application";
		};
/* End PBXNativeTarget section */

/* Begin PBXProject section */
		F3D270F22A466D78005B80E1 /* Project object */ = {
			isa = PBXProject;
			attributes = {
				BuildIndependentTargetsInParallel = 1;
				LastSwiftUpdateCheck = 1430;
				LastUpgradeCheck = 1430;
				TargetAttributes = {
					F3D270F92A466D78005B80E1 = {
						CreatedOnToolsVersion = 14.3;
					};
				};
			};
			buildConfigurationList = F3D270F52A466D78005B80E1 /* Build configuration list for PBXProject "MVVMRxSwiftTutorial" */;
			compatibilityVersion = "Xcode 14.0";
			developmentRegion = en;
			hasScannedForEncodings = 0;
			knownRegions = (
				en,
				Base,
			);
			mainGroup = F3D270F12A466D78005B80E1;
			productRefGroup = F3D270FB2A466D78005B80E1 /* Products */;
			projectDirPath = "";
			projectRoot = "";
			targets = (
				F3D270F92A466D78005B80E1 /* MVVMRxSwiftTutorial */,
			);
		};
/* End PBXProject section */

/* Begin PBXResourcesBuildPhase section */
		F3D270F82A466D78005B80E1 /* Resources */ = {
			isa = PBXResourcesBuildPhase;
			buildActionMask = 2147483647;
			files = (
				F3D271072A466D7A005B80E1 /* Assets.xcassets in Resources */,
			);
			runOnlyForDeploymentPostprocessing = 0;
		};
/* End PBXResourcesBuildPhase section */

/* Begin PBXShellScriptBuildPhase section */
		1C8805D6403DBABC1C7DD2DA /* [CP] Embed Pods Frameworks */ = {
			isa = PBXShellScriptBuildPhase;
			buildActionMask = 2147483647;
			files = (
			);
			inputFileListPaths = (
				"${PODS_ROOT}/Target Support Files/Pods-MVVMRxSwiftTutorial/Pods-MVVMRxSwiftTutorial-frameworks-${CONFIGURATION}-input-files.xcfilelist",
			);
			name = "[CP] Embed Pods Frameworks";
			outputFileListPaths = (
				"${PODS_ROOT}/Target Support Files/Pods-MVVMRxSwiftTutorial/Pods-MVVMRxSwiftTutorial-frameworks-${CONFIGURATION}-output-files.xcfilelist",
			);
			runOnlyForDeploymentPostprocessing = 0;
			shellPath = /bin/sh;
			shellScript = "\"${PODS_ROOT}/Target Support Files/Pods-MVVMRxSwiftTutorial/Pods-MVVMRxSwiftTutorial-frameworks.sh\"\n";
			showEnvVarsInLog = 0;
		};
		DEDF24EF1B4625898A34DDD6 /* [CP] Check Pods Manifest.lock */ = {
			isa = PBXShellScriptBuildPhase;
			buildActionMask = 2147483647;
			files = (
			);
			inputFileListPaths = (
			);
			inputPaths = (
				"${PODS_PODFILE_DIR_PATH}/Podfile.lock",
				"${PODS_ROOT}/Manifest.lock",
			);
			name = "[CP] Check Pods Manifest.lock";
			outputFileListPaths = (
			);
			outputPaths = (
				"$(DERIVED_FILE_DIR)/Pods-MVVMRxSwiftTutorial-checkManifestLockResult.txt",
			);
			runOnlyForDeploymentPostprocessing = 0;
			shellPath = /bin/sh;
			shellScript = "diff \"${PODS_PODFILE_DIR_PATH}/Podfile.lock\" \"${PODS_ROOT}/Manifest.lock\" > /dev/null\nif [ $? != 0 ] ; then\n    # print error to STDERR\n    echo \"error: The sandbox is not in sync with the Podfile.lock. Run 'pod install' or update your CocoaPods installation.\" >&2\n    exit 1\nfi\n# This output is used by Xcode 'outputs' to avoid re-running this script phase.\necho \"SUCCESS\" > \"${SCRIPT_OUTPUT_FILE_0}\"\n";
			showEnvVarsInLog = 0;
		};
/* End PBXShellScriptBuildPhase section */

/* Begin PBXSourcesBuildPhase section */
		F3D270F62A466D78005B80E1 /* Sources */ = {
			isa = PBXSourcesBuildPhase;
			buildActionMask = 2147483647;
			files = (
				F3D271152A466E86005B80E1 /* Coordinator.swift in Sources */,
				F3D271202A468468005B80E1 /* ArticleViewModel.swift in Sources */,
				F3D2711E2A467E34005B80E1 /* RootViewModel.swift in Sources */,
				F3D270FE2A466D78005B80E1 /* AppDelegate.swift in Sources */,
				F3D2711B2A467761005B80E1 /* ArticleService.swift in Sources */,
				F3D271002A466D78005B80E1 /* SceneDelegate.swift in Sources */,
				F3D271132A466E11005B80E1 /* RootViewController.swift in Sources */,
				F3D271182A4675BA005B80E1 /* Article.swift in Sources */,
			);
			runOnlyForDeploymentPostprocessing = 0;
		};
/* End PBXSourcesBuildPhase section */

/* Begin XCBuildConfiguration section */
		F3D2710C2A466D7A005B80E1 /* Debug */ = {
			isa = XCBuildConfiguration;
			buildSettings = {
				ALWAYS_SEARCH_USER_PATHS = NO;
				CLANG_ANALYZER_NONNULL = YES;
				CLANG_ANALYZER_NUMBER_OBJECT_CONVERSION = YES_AGGRESSIVE;
				CLANG_CXX_LANGUAGE_STANDARD = "gnu++20";
				CLANG_ENABLE_MODULES = YES;
				CLANG_ENABLE_OBJC_ARC = YES;
				CLANG_ENABLE_OBJC_WEAK = YES;
				CLANG_WARN_BLOCK_CAPTURE_AUTORELEASING = YES;
				CLANG_WARN_BOOL_CONVERSION = YES;
				CLANG_WARN_COMMA = YES;
				CLANG_WARN_CONSTANT_CONVERSION = YES;
				CLANG_WARN_DEPRECATED_OBJC_IMPLEMENTATIONS = YES;
				CLANG_WARN_DIRECT_OBJC_ISA_USAGE = YES_ERROR;
				CLANG_WARN_DOCUMENTATION_COMMENTS = YES;
				CLANG_WARN_EMPTY_BODY = YES;
				CLANG_WARN_ENUM_CONVERSION = YES;
				CLANG_WARN_INFINITE_RECURSION = YES;
				CLANG_WARN_INT_CONVERSION = YES;
				CLANG_WARN_NON_LITERAL_NULL_CONVERSION = YES;
				CLANG_WARN_OBJC_IMPLICIT_RETAIN_SELF = YES;
				CLANG_WARN_OBJC_LITERAL_CONVERSION = YES;
				CLANG_WARN_OBJC_ROOT_CLASS = YES_ERROR;
				CLANG_WARN_QUOTED_INCLUDE_IN_FRAMEWORK_HEADER = YES;
				CLANG_WARN_RANGE_LOOP_ANALYSIS = YES;
				CLANG_WARN_STRICT_PROTOTYPES = YES;
				CLANG_WARN_SUSPICIOUS_MOVE = YES;
				CLANG_WARN_UNGUARDED_AVAILABILITY = YES_AGGRESSIVE;
				CLANG_WARN_UNREACHABLE_CODE = YES;
				CLANG_WARN__DUPLICATE_METHOD_MATCH = YES;
				COPY_PHASE_STRIP = NO;
				DEBUG_INFORMATION_FORMAT = dwarf;
				ENABLE_STRICT_OBJC_MSGSEND = YES;
				ENABLE_TESTABILITY = YES;
				GCC_C_LANGUAGE_STANDARD = gnu11;
				GCC_DYNAMIC_NO_PIC = NO;
				GCC_NO_COMMON_BLOCKS = YES;
				GCC_OPTIMIZATION_LEVEL = 0;
				GCC_PREPROCESSOR_DEFINITIONS = (
					"DEBUG=1",
					"$(inherited)",
				);
				GCC_WARN_64_TO_32_BIT_CONVERSION = YES;
				GCC_WARN_ABOUT_RETURN_TYPE = YES_ERROR;
				GCC_WARN_UNDECLARED_SELECTOR = YES;
				GCC_WARN_UNINITIALIZED_AUTOS = YES_AGGRESSIVE;
				GCC_WARN_UNUSED_FUNCTION = YES;
				GCC_WARN_UNUSED_VARIABLE = YES;
				IPHONEOS_DEPLOYMENT_TARGET = 16.4;
				MTL_ENABLE_DEBUG_INFO = INCLUDE_SOURCE;
				MTL_FAST_MATH = YES;
				ONLY_ACTIVE_ARCH = YES;
				SDKROOT = iphoneos;
				SWIFT_ACTIVE_COMPILATION_CONDITIONS = DEBUG;
				SWIFT_OPTIMIZATION_LEVEL = "-Onone";
			};
			name = Debug;
		};
		F3D2710D2A466D7A005B80E1 /* Release */ = {
			isa = XCBuildConfiguration;
			buildSettings = {
				ALWAYS_SEARCH_USER_PATHS = NO;
				CLANG_ANALYZER_NONNULL = YES;
				CLANG_ANALYZER_NUMBER_OBJECT_CONVERSION = YES_AGGRESSIVE;
				CLANG_CXX_LANGUAGE_STANDARD = "gnu++20";
				CLANG_ENABLE_MODULES = YES;
				CLANG_ENABLE_OBJC_ARC = YES;
				CLANG_ENABLE_OBJC_WEAK = YES;
				CLANG_WARN_BLOCK_CAPTURE_AUTORELEASING = YES;
				CLANG_WARN_BOOL_CONVERSION = YES;
				CLANG_WARN_COMMA = YES;
				CLANG_WARN_CONSTANT_CONVERSION = YES;
				CLANG_WARN_DEPRECATED_OBJC_IMPLEMENTATIONS = YES;
				CLANG_WARN_DIRECT_OBJC_ISA_USAGE = YES_ERROR;
				CLANG_WARN_DOCUMENTATION_COMMENTS = YES;
				CLANG_WARN_EMPTY_BODY = YES;
				CLANG_WARN_ENUM_CONVERSION = YES;
				CLANG_WARN_INFINITE_RECURSION = YES;
				CLANG_WARN_INT_CONVERSION = YES;
				CLANG_WARN_NON_LITERAL_NULL_CONVERSION = YES;
				CLANG_WARN_OBJC_IMPLICIT_RETAIN_SELF = YES;
				CLANG_WARN_OBJC_LITERAL_CONVERSION = YES;
				CLANG_WARN_OBJC_ROOT_CLASS = YES_ERROR;
				CLANG_WARN_QUOTED_INCLUDE_IN_FRAMEWORK_HEADER = YES;
				CLANG_WARN_RANGE_LOOP_ANALYSIS = YES;
				CLANG_WARN_STRICT_PROTOTYPES = YES;
				CLANG_WARN_SUSPICIOUS_MOVE = YES;
				CLANG_WARN_UNGUARDED_AVAILABILITY = YES_AGGRESSIVE;
				CLANG_WARN_UNREACHABLE_CODE = YES;
				CLANG_WARN__DUPLICATE_METHOD_MATCH = YES;
				COPY_PHASE_STRIP = NO;
				DEBUG_INFORMATION_FORMAT = "dwarf-with-dsym";
				ENABLE_NS_ASSERTIONS = NO;
				ENABLE_STRICT_OBJC_MSGSEND = YES;
				GCC_C_LANGUAGE_STANDARD = gnu11;
				GCC_NO_COMMON_BLOCKS = YES;
				GCC_WARN_64_TO_32_BIT_CONVERSION = YES;
				GCC_WARN_ABOUT_RETURN_TYPE = YES_ERROR;
				GCC_WARN_UNDECLARED_SELECTOR = YES;
				GCC_WARN_UNINITIALIZED_AUTOS = YES_AGGRESSIVE;
				GCC_WARN_UNUSED_FUNCTION = YES;
				GCC_WARN_UNUSED_VARIABLE = YES;
				IPHONEOS_DEPLOYMENT_TARGET = 16.4;
				MTL_ENABLE_DEBUG_INFO = NO;
				MTL_FAST_MATH = YES;
				SDKROOT = iphoneos;
				SWIFT_COMPILATION_MODE = wholemodule;
				SWIFT_OPTIMIZATION_LEVEL = "-O";
				VALIDATE_PRODUCT = YES;
			};
			name = Release;
		};
		F3D2710F2A466D7A005B80E1 /* Debug */ = {
			isa = XCBuildConfiguration;
			baseConfigurationReference = 540D8C6B885A001BF879B5B2 /* Pods-MVVMRxSwiftTutorial.debug.xcconfig */;
			buildSettings = {
				ASSETCATALOG_COMPILER_APPICON_NAME = AppIcon;
				ASSETCATALOG_COMPILER_GLOBAL_ACCENT_COLOR_NAME = AccentColor;
				CODE_SIGN_STYLE = Automatic;
				CURRENT_PROJECT_VERSION = 1;
				GENERATE_INFOPLIST_FILE = YES;
				INFOPLIST_FILE = MVVMRxSwiftTutorial/Info.plist;
				INFOPLIST_KEY_UIApplicationSupportsIndirectInputEvents = YES;
				INFOPLIST_KEY_UILaunchStoryboardName = LaunchScreen;
				INFOPLIST_KEY_UISupportedInterfaceOrientations_iPad = "UIInterfaceOrientationPortrait UIInterfaceOrientationPortraitUpsideDown UIInterfaceOrientationLandscapeLeft UIInterfaceOrientationLandscapeRight";
				INFOPLIST_KEY_UISupportedInterfaceOrientations_iPhone = "UIInterfaceOrientationPortrait UIInterfaceOrientationLandscapeLeft UIInterfaceOrientationLandscapeRight";
				LD_RUNPATH_SEARCH_PATHS = (
					"$(inherited)",
					"@executable_path/Frameworks",
				);
				MARKETING_VERSION = 1.0;
				PRODUCT_BUNDLE_IDENTIFIER = yeonsu.MVVMRxSwiftTutorial;
				PRODUCT_NAME = "$(TARGET_NAME)";
				SWIFT_EMIT_LOC_STRINGS = YES;
				SWIFT_VERSION = 5.0;
				TARGETED_DEVICE_FAMILY = "1,2";
			};
			name = Debug;
		};
		F3D271102A466D7A005B80E1 /* Release */ = {
			isa = XCBuildConfiguration;
			baseConfigurationReference = 25001F2D309129575BBC337F /* Pods-MVVMRxSwiftTutorial.release.xcconfig */;
			buildSettings = {
				ASSETCATALOG_COMPILER_APPICON_NAME = AppIcon;
				ASSETCATALOG_COMPILER_GLOBAL_ACCENT_COLOR_NAME = AccentColor;
				CODE_SIGN_STYLE = Automatic;
				CURRENT_PROJECT_VERSION = 1;
				GENERATE_INFOPLIST_FILE = YES;
				INFOPLIST_FILE = MVVMRxSwiftTutorial/Info.plist;
				INFOPLIST_KEY_UIApplicationSupportsIndirectInputEvents = YES;
				INFOPLIST_KEY_UILaunchStoryboardName = LaunchScreen;
				INFOPLIST_KEY_UISupportedInterfaceOrientations_iPad = "UIInterfaceOrientationPortrait UIInterfaceOrientationPortraitUpsideDown UIInterfaceOrientationLandscapeLeft UIInterfaceOrientationLandscapeRight";
				INFOPLIST_KEY_UISupportedInterfaceOrientations_iPhone = "UIInterfaceOrientationPortrait UIInterfaceOrientationLandscapeLeft UIInterfaceOrientationLandscapeRight";
				LD_RUNPATH_SEARCH_PATHS = (
					"$(inherited)",
					"@executable_path/Frameworks",
				);
				MARKETING_VERSION = 1.0;
				PRODUCT_BUNDLE_IDENTIFIER = yeonsu.MVVMRxSwiftTutorial;
				PRODUCT_NAME = "$(TARGET_NAME)";
				SWIFT_EMIT_LOC_STRINGS = YES;
				SWIFT_VERSION = 5.0;
				TARGETED_DEVICE_FAMILY = "1,2";
			};
			name = Release;
		};
/* End XCBuildConfiguration section */

/* Begin XCConfigurationList section */
		F3D270F52A466D78005B80E1 /* Build configuration list for PBXProject "MVVMRxSwiftTutorial" */ = {
			isa = XCConfigurationList;
			buildConfigurations = (
				F3D2710C2A466D7A005B80E1 /* Debug */,
				F3D2710D2A466D7A005B80E1 /* Release */,
			);
			defaultConfigurationIsVisible = 0;
			defaultConfigurationName = Release;
		};
		F3D2710E2A466D7A005B80E1 /* Build configuration list for PBXNativeTarget "MVVMRxSwiftTutorial" */ = {
			isa = XCConfigurationList;
			buildConfigurations = (
				F3D2710F2A466D7A005B80E1 /* Debug */,
				F3D271102A466D7A005B80E1 /* Release */,
			);
			defaultConfigurationIsVisible = 0;
			defaultConfigurationName = Release;
		};
/* End XCConfigurationList section */
	};
	rootObject = F3D270F22A466D78005B80E1 /* Project object */;
}
